
Microsoft Visual Studio Solution File, Format Version 12.00
# Visual Studio Version 16
VisualStudioVersion = 16.0.30503.244
MinimumVisualStudioVersion = 10.0.40219.1
Project("{FAE04EC0-301F-11D3-BF4B-00C04F79EFBC}") = "AppArrayCS", "AppArrayCS.csproj", "{B54BE8DF-E76B-4E93-A42D-C65AB716F82A}"
EndProject
Global
	GlobalSection(SolutionConfigurationPlatforms) = preSolution
		Debug|Any CPU = Debug|Any CPU
		Release|Any CPU = Release|Any CPU
	EndGlobalSection
	GlobalSection(ProjectConfigurationPlatforms) = postSolution
		{B54BE8DF-E76B-4E93-A42D-C65AB716F82A}.Debug|Any CPU.ActiveCfg = Debug|Any CPU
		{B54BE8DF-E76B-4E93-A42D-C65AB716F82A}.Debug|Any CPU.Build.0 = Debug|Any CPU
		{B54BE8DF-E76B-4E93-A42D-C65AB716F82A}.Release|Any CPU.ActiveCfg = Release|Any CPU
		{B54BE8DF-E76B-4E93-A42D-C65AB716F82A}.Release|Any CPU.Build.0 = Release|Any CPU
	EndGlobalSection
	GlobalSection(SolutionProperties) = preSolution
		HideSolutionNode = FALSE
	EndGlobalSection
	GlobalSection(ExtensibilityGlobals) = postSolution
		SolutionGuid = {0C3AE79B-9BA5-4135-92AF-6F71FE626CAC}
	EndGlobalSection
EndGlobal
